
Microsoft Visual Studio Solution File, Format Version 12.00
# Visual Studio Version 16
VisualStudioVersion = 16.0.30804.86
MinimumVisualStudioVersion = 10.0.40219.1
Project("{FAE04EC0-301F-11D3-BF4B-00C04F79EFBC}") = "DataAccess", "DataAccess\DataAccess.csproj", "{9A901761-4DAA-4B76-852D-B6E6970BA583}"
EndProject
Project("{FAE04EC0-301F-11D3-BF4B-00C04F79EFBC}") = "Business", "Business\Business.csproj", "{68CFB8C3-84EE-4949-A1EB-0D6736F48A69}"
EndProject
Project("{FAE04EC0-301F-11D3-BF4B-00C04F79EFBC}") = "Entitties", "Entitties\Entitties.csproj", "{1FE5FFB5-AEE8-4C5A-9F6D-AF508B2B182D}"
EndProject
Project("{FAE04EC0-301F-11D3-BF4B-00C04F79EFBC}") = "ConsoleUI", "ConsoleUI\ConsoleUI.csproj", "{5C7F82D0-5B2B-4B2E-B7CF-66A1B9B9488F}"
EndProject
Global
	GlobalSection(SolutionConfigurationPlatforms) = preSolution
		Debug|Any CPU = Debug|Any CPU
		Release|Any CPU = Release|Any CPU
	EndGlobalSection
	GlobalSection(ProjectConfigurationPlatforms) = postSolution
		{9A901761-4DAA-4B76-852D-B6E6970BA583}.Debug|Any CPU.ActiveCfg = Debug|Any CPU
		{9A901761-4DAA-4B76-852D-B6E6970BA583}.Debug|Any CPU.Build.0 = Debug|Any CPU
		{9A901761-4DAA-4B76-852D-B6E6970BA583}.Release|Any CPU.ActiveCfg = Release|Any CPU
		{9A901761-4DAA-4B76-852D-B6E6970BA583}.Release|Any CPU.Build.0 = Release|Any CPU
		{68CFB8C3-84EE-4949-A1EB-0D6736F48A69}.Debug|Any CPU.ActiveCfg = Debug|Any CPU
		{68CFB8C3-84EE-4949-A1EB-0D6736F48A69}.Debug|Any CPU.Build.0 = Debug|Any CPU
		{68CFB8C3-84EE-4949-A1EB-0D6736F48A69}.Release|Any CPU.ActiveCfg = Release|Any CPU
		{68CFB8C3-84EE-4949-A1EB-0D6736F48A69}.Release|Any CPU.Build.0 = Release|Any CPU
		{1FE5FFB5-AEE8-4C5A-9F6D-AF508B2B182D}.Debug|Any CPU.ActiveCfg = Debug|Any CPU
		{1FE5FFB5-AEE8-4C5A-9F6D-AF508B2B182D}.Debug|Any CPU.Build.0 = Debug|Any CPU
		{1FE5FFB5-AEE8-4C5A-9F6D-AF508B2B182D}.Release|Any CPU.ActiveCfg = Release|Any CPU
		{1FE5FFB5-AEE8-4C5A-9F6D-AF508B2B182D}.Release|Any CPU.Build.0 = Release|Any CPU
		{5C7F82D0-5B2B-4B2E-B7CF-66A1B9B9488F}.Debug|Any CPU.ActiveCfg = Debug|Any CPU
		{5C7F82D0-5B2B-4B2E-B7CF-66A1B9B9488F}.Debug|Any CPU.Build.0 = Debug|Any CPU
		{5C7F82D0-5B2B-4B2E-B7CF-66A1B9B9488F}.Release|Any CPU.ActiveCfg = Release|Any CPU
		{5C7F82D0-5B2B-4B2E-B7CF-66A1B9B9488F}.Release|Any CPU.Build.0 = Release|Any CPU
	EndGlobalSection
	GlobalSection(SolutionProperties) = preSolution
		HideSolutionNode = FALSE
	EndGlobalSection
	GlobalSection(ExtensibilityGlobals) = postSolution
		SolutionGuid = {D042885A-A220-480D-9CF4-F0B4610E005E}
	EndGlobalSection
EndGlobal
